
Microsoft Visual Studio Solution File, Format Version 11.00
# Visual Studio 2010
Project("{FAE04EC0-301F-11D3-BF4B-00C04F79EFBC}") = "2D_UFO", "Assembly-CSharp.csproj", "{9780E80E-6564-6719-440F-4648D5444532}"
EndProject
Project("{FAE04EC0-301F-11D3-BF4B-00C04F79EFBC}") = "2D_UFO", "Assembly-CSharp-Editor.csproj", "{F305E691-A9DC-ABAE-B0D6-B461C27DCDF9}"
EndProject
Global
	GlobalSection(SolutionConfigurationPlatforms) = preSolution
		Debug|Any CPU = Debug|Any CPU
		Release|Any CPU = Release|Any CPU
	EndGlobalSection
	GlobalSection(ProjectConfigurationPlatforms) = postSolution
		{9780E80E-6564-6719-440F-4648D5444532}.Debug|Any CPU.ActiveCfg = Debug|Any CPU
		{9780E80E-6564-6719-440F-4648D5444532}.Debug|Any CPU.Build.0 = Debug|Any CPU
		{9780E80E-6564-6719-440F-4648D5444532}.Release|Any CPU.ActiveCfg = Release|Any CPU
		{9780E80E-6564-6719-440F-4648D5444532}.Release|Any CPU.Build.0 = Release|Any CPU
		{F305E691-A9DC-ABAE-B0D6-B461C27DCDF9}.Debug|Any CPU.ActiveCfg = Debug|Any CPU
		{F305E691-A9DC-ABAE-B0D6-B461C27DCDF9}.Debug|Any CPU.Build.0 = Debug|Any CPU
		{F305E691-A9DC-ABAE-B0D6-B461C27DCDF9}.Release|Any CPU.ActiveCfg = Release|Any CPU
		{F305E691-A9DC-ABAE-B0D6-B461C27DCDF9}.Release|Any CPU.Build.0 = Release|Any CPU
	EndGlobalSection
	GlobalSection(SolutionProperties) = preSolution
		HideSolutionNode = FALSE
	EndGlobalSection
	GlobalSection(MonoDevelopProperties) = preSolution
		StartupItem = Assembly-CSharp.csproj
	EndGlobalSection
EndGlobal
